// !$*UTF8*$!
{
	archiveVersion = 1;
	classes = {
	};
	objectVersion = 52;
	objects = {

/* Begin PBXBuildFile section */
		111549FC29A76482008C3251 /* LogInViewController.swift in Sources */ = {isa = PBXBuildFile; fileRef = 111549FB29A76482008C3251 /* LogInViewController.swift */; };
		1172BAB029B67A7000CE30D9 /* SnapKit in Frameworks */ = {isa = PBXBuildFile; productRef = 1172BAAF29B67A7000CE30D9 /* SnapKit */; };
		1172BAC829B6824900CE30D9 /* PhotosTableViewCell.swift in Sources */ = {isa = PBXBuildFile; fileRef = 1172BAC729B6824900CE30D9 /* PhotosTableViewCell.swift */; };
		1172BAD229B6860B00CE30D9 /* Pokemon.swift in Sources */ = {isa = PBXBuildFile; fileRef = 1172BAD129B6860B00CE30D9 /* Pokemon.swift */; };
		1172BAD829B690D600CE30D9 /* PostTableViewCell.swift in Sources */ = {isa = PBXBuildFile; fileRef = 1172BAD729B690D600CE30D9 /* PostTableViewCell.swift */; };
		1172BADB29B6949700CE30D9 /* PostProfile.swift in Sources */ = {isa = PBXBuildFile; fileRef = 1172BADA29B6949700CE30D9 /* PostProfile.swift */; };
		1172BAE129B72A7F00CE30D9 /* PhotosViewController.swift in Sources */ = {isa = PBXBuildFile; fileRef = 1172BAE029B72A7F00CE30D9 /* PhotosViewController.swift */; };
		1172BAE529B72BEE00CE30D9 /* PhotosCollectionViewCell.swift in Sources */ = {isa = PBXBuildFile; fileRef = 1172BAE429B72BEE00CE30D9 /* PhotosCollectionViewCell.swift */; };
		118E652F299CCBD0005BFB2C /* AppDelegate.swift in Sources */ = {isa = PBXBuildFile; fileRef = 118E652E299CCBD0005BFB2C /* AppDelegate.swift */; };
		118E6533299CCBD0005BFB2C /* ViewController.swift in Sources */ = {isa = PBXBuildFile; fileRef = 118E6532299CCBD0005BFB2C /* ViewController.swift */; };
		118E6538299CCBDC005BFB2C /* Assets.xcassets in Resources */ = {isa = PBXBuildFile; fileRef = 118E6537299CCBDC005BFB2C /* Assets.xcassets */; };
		118E653B299CCBDC005BFB2C /* LaunchScreen.storyboard in Resources */ = {isa = PBXBuildFile; fileRef = 118E6539299CCBDC005BFB2C /* LaunchScreen.storyboard */; };
		118E6546299CD531005BFB2C /* FeedViewController.swift in Sources */ = {isa = PBXBuildFile; fileRef = 118E6545299CD531005BFB2C /* FeedViewController.swift */; };
		118E6549299CD548005BFB2C /* ProfileViewController.swift in Sources */ = {isa = PBXBuildFile; fileRef = 118E6548299CD548005BFB2C /* ProfileViewController.swift */; };
		118E654D299CDF4F005BFB2C /* PostViewController.swift in Sources */ = {isa = PBXBuildFile; fileRef = 118E654C299CDF4F005BFB2C /* PostViewController.swift */; };
		118E6552299CF117005BFB2C /* PostFeed.swift in Sources */ = {isa = PBXBuildFile; fileRef = 118E6551299CF117005BFB2C /* PostFeed.swift */; };
		118E6555299CF4D4005BFB2C /* InfoViewController.swift in Sources */ = {isa = PBXBuildFile; fileRef = 118E6554299CF4D4005BFB2C /* InfoViewController.swift */; };
		118E656929A20BB5005BFB2C /* ProfileHeaderView.swift in Sources */ = {isa = PBXBuildFile; fileRef = 118E656829A20BB5005BFB2C /* ProfileHeaderView.swift */; };
		11AEEAD629BB88C600440124 /* Overlay.swift in Sources */ = {isa = PBXBuildFile; fileRef = 11AEEAD529BB88C600440124 /* Overlay.swift */; };
/* End PBXBuildFile section */

/* Begin PBXFileReference section */
		111549FB29A76482008C3251 /* LogInViewController.swift */ = {isa = PBXFileReference; lastKnownFileType = sourcecode.swift; path = LogInViewController.swift; sourceTree = "<group>"; };
		1172BAC729B6824900CE30D9 /* PhotosTableViewCell.swift */ = {isa = PBXFileReference; lastKnownFileType = sourcecode.swift; path = PhotosTableViewCell.swift; sourceTree = "<group>"; };
		1172BAD129B6860B00CE30D9 /* Pokemon.swift */ = {isa = PBXFileReference; lastKnownFileType = sourcecode.swift; path = Pokemon.swift; sourceTree = "<group>"; };
		1172BAD729B690D600CE30D9 /* PostTableViewCell.swift */ = {isa = PBXFileReference; lastKnownFileType = sourcecode.swift; path = PostTableViewCell.swift; sourceTree = "<group>"; };
		1172BADA29B6949700CE30D9 /* PostProfile.swift */ = {isa = PBXFileReference; lastKnownFileType = sourcecode.swift; path = PostProfile.swift; sourceTree = "<group>"; };
		1172BAE029B72A7F00CE30D9 /* PhotosViewController.swift */ = {isa = PBXFileReference; lastKnownFileType = sourcecode.swift; path = PhotosViewController.swift; sourceTree = "<group>"; };
		1172BAE429B72BEE00CE30D9 /* PhotosCollectionViewCell.swift */ = {isa = PBXFileReference; lastKnownFileType = sourcecode.swift; path = PhotosCollectionViewCell.swift; sourceTree = "<group>"; };
		118E652B299CCBD0005BFB2C /* TestOne.app */ = {isa = PBXFileReference; explicitFileType = wrapper.application; includeInIndex = 0; path = TestOne.app; sourceTree = BUILT_PRODUCTS_DIR; };
		118E652E299CCBD0005BFB2C /* AppDelegate.swift */ = {isa = PBXFileReference; lastKnownFileType = sourcecode.swift; path = AppDelegate.swift; sourceTree = "<group>"; };
		118E6532299CCBD0005BFB2C /* ViewController.swift */ = {isa = PBXFileReference; lastKnownFileType = sourcecode.swift; path = ViewController.swift; sourceTree = "<group>"; };
		118E6537299CCBDC005BFB2C /* Assets.xcassets */ = {isa = PBXFileReference; lastKnownFileType = folder.assetcatalog; path = Assets.xcassets; sourceTree = "<group>"; };
		118E653A299CCBDC005BFB2C /* Base */ = {isa = PBXFileReference; lastKnownFileType = file.storyboard; name = Base; path = Base.lproj/LaunchScreen.storyboard; sourceTree = "<group>"; };
		118E653C299CCBDC005BFB2C /* Info.plist */ = {isa = PBXFileReference; lastKnownFileType = text.plist.xml; path = Info.plist; sourceTree = "<group>"; };
		118E6545299CD531005BFB2C /* FeedViewController.swift */ = {isa = PBXFileReference; lastKnownFileType = sourcecode.swift; path = FeedViewController.swift; sourceTree = "<group>"; };
		118E6548299CD548005BFB2C /* ProfileViewController.swift */ = {isa = PBXFileReference; lastKnownFileType = sourcecode.swift; path = ProfileViewController.swift; sourceTree = "<group>"; };
		118E654C299CDF4F005BFB2C /* PostViewController.swift */ = {isa = PBXFileReference; lastKnownFileType = sourcecode.swift; path = PostViewController.swift; sourceTree = "<group>"; };
		118E6551299CF117005BFB2C /* PostFeed.swift */ = {isa = PBXFileReference; lastKnownFileType = sourcecode.swift; path = PostFeed.swift; sourceTree = "<group>"; };
		118E6554299CF4D4005BFB2C /* InfoViewController.swift */ = {isa = PBXFileReference; lastKnownFileType = sourcecode.swift; path = InfoViewController.swift; sourceTree = "<group>"; };
		118E656829A20BB5005BFB2C /* ProfileHeaderView.swift */ = {isa = PBXFileReference; lastKnownFileType = sourcecode.swift; path = ProfileHeaderView.swift; sourceTree = "<group>"; };
		11AEEAD529BB88C600440124 /* Overlay.swift */ = {isa = PBXFileReference; lastKnownFileType = sourcecode.swift; path = Overlay.swift; sourceTree = "<group>"; };
/* End PBXFileReference section */

/* Begin PBXFrameworksBuildPhase section */
		118E6528299CCBD0005BFB2C /* Frameworks */ = {
			isa = PBXFrameworksBuildPhase;
			buildActionMask = 2147483647;
			files = (
				1172BAB029B67A7000CE30D9 /* SnapKit in Frameworks */,
			);
			runOnlyForDeploymentPostprocessing = 0;
		};
/* End PBXFrameworksBuildPhase section */

/* Begin PBXGroup section */
		11154A0529ACCED1008C3251 /* ProfileCell */ = {
			isa = PBXGroup;
			children = (
				118E656829A20BB5005BFB2C /* ProfileHeaderView.swift */,
				1172BAD729B690D600CE30D9 /* PostTableViewCell.swift */,
				1172BAC729B6824900CE30D9 /* PhotosTableViewCell.swift */,
				1172BAE429B72BEE00CE30D9 /* PhotosCollectionViewCell.swift */,
			);
			path = ProfileCell;
			sourceTree = "<group>";
		};
		1172BACC29B6829700CE30D9 /* ProfileControllers */ = {
			isa = PBXGroup;
			children = (
				111549FB29A76482008C3251 /* LogInViewController.swift */,
				118E6548299CD548005BFB2C /* ProfileViewController.swift */,
				1172BAE029B72A7F00CE30D9 /* PhotosViewController.swift */,
				11AEEAD529BB88C600440124 /* Overlay.swift */,
			);
			path = ProfileControllers;
			sourceTree = "<group>";
		};
		1172BACD29B682A900CE30D9 /* ProfileData */ = {
			isa = PBXGroup;
			children = (
				1172BAD129B6860B00CE30D9 /* Pokemon.swift */,
				1172BADA29B6949700CE30D9 /* PostProfile.swift */,
			);
			path = ProfileData;
			sourceTree = "<group>";
		};
		1172BACE29B682C900CE30D9 /* Feed */ = {
			isa = PBXGroup;
			children = (
				118E654B299CDF27005BFB2C /* FeedControllers */,
				118E6550299CF104005BFB2C /* FeedData */,
			);
			path = Feed;
			sourceTree = "<group>";
		};
		118E6522299CCBD0005BFB2C = {
			isa = PBXGroup;
			children = (
				118E652D299CCBD0005BFB2C /* Navigation */,
				118E652C299CCBD0005BFB2C /* Products */,
			);
			sourceTree = "<group>";
		};
		118E652C299CCBD0005BFB2C /* Products */ = {
			isa = PBXGroup;
			children = (
				118E652B299CCBD0005BFB2C /* TestOne.app */,
			);
			name = Products;
			sourceTree = "<group>";
		};
		118E652D299CCBD0005BFB2C /* Navigation */ = {
			isa = PBXGroup;
			children = (
				1172BACE29B682C900CE30D9 /* Feed */,
				118E656729A20B97005BFB2C /* Profile */,
				118E652E299CCBD0005BFB2C /* AppDelegate.swift */,
				118E6532299CCBD0005BFB2C /* ViewController.swift */,
				118E6537299CCBDC005BFB2C /* Assets.xcassets */,
				118E6539299CCBDC005BFB2C /* LaunchScreen.storyboard */,
				118E653C299CCBDC005BFB2C /* Info.plist */,
			);
			path = Navigation;
			sourceTree = "<group>";
		};
		118E654B299CDF27005BFB2C /* FeedControllers */ = {
			isa = PBXGroup;
			children = (
				118E6545299CD531005BFB2C /* FeedViewController.swift */,
				118E654C299CDF4F005BFB2C /* PostViewController.swift */,
				118E6554299CF4D4005BFB2C /* InfoViewController.swift */,
			);
			path = FeedControllers;
			sourceTree = "<group>";
		};
		118E6550299CF104005BFB2C /* FeedData */ = {
			isa = PBXGroup;
			children = (
				118E6551299CF117005BFB2C /* PostFeed.swift */,
			);
			path = FeedData;
			sourceTree = "<group>";
		};
		118E656729A20B97005BFB2C /* Profile */ = {
			isa = PBXGroup;
			children = (
				1172BACD29B682A900CE30D9 /* ProfileData */,
				1172BACC29B6829700CE30D9 /* ProfileControllers */,
				11154A0529ACCED1008C3251 /* ProfileCell */,
			);
			path = Profile;
			sourceTree = "<group>";
		};
/* End PBXGroup section */

/* Begin PBXNativeTarget section */
		118E652A299CCBD0005BFB2C /* TestOne */ = {
			isa = PBXNativeTarget;
			buildConfigurationList = 118E653F299CCBDC005BFB2C /* Build configuration list for PBXNativeTarget "TestOne" */;
			buildPhases = (
				118E6527299CCBD0005BFB2C /* Sources */,
				118E6528299CCBD0005BFB2C /* Frameworks */,
				118E6529299CCBD0005BFB2C /* Resources */,
			);
			buildRules = (
			);
			dependencies = (
			);
			name = TestOne;
			packageProductDependencies = (
				1172BAAF29B67A7000CE30D9 /* SnapKit */,
			);
			productName = TestOne;
			productReference = 118E652B299CCBD0005BFB2C /* TestOne.app */;
			productType = "com.apple.product-type.application";
		};
/* End PBXNativeTarget section */

/* Begin PBXProject section */
		118E6523299CCBD0005BFB2C /* Project object */ = {
			isa = PBXProject;
			attributes = {
				LastSwiftUpdateCheck = 1240;
				LastUpgradeCheck = 1240;
				TargetAttributes = {
					118E652A299CCBD0005BFB2C = {
						CreatedOnToolsVersion = 12.4;
					};
				};
			};
			buildConfigurationList = 118E6526299CCBD0005BFB2C /* Build configuration list for PBXProject "Navigation" */;
			compatibilityVersion = "Xcode 9.3";
			developmentRegion = en;
			hasScannedForEncodings = 0;
			knownRegions = (
				en,
				Base,
			);
			mainGroup = 118E6522299CCBD0005BFB2C;
			packageReferences = (
				1172BAAE29B67A7000CE30D9 /* XCRemoteSwiftPackageReference "SnapKit" */,
			);
			productRefGroup = 118E652C299CCBD0005BFB2C /* Products */;
			projectDirPath = "";
			projectRoot = "";
			targets = (
				118E652A299CCBD0005BFB2C /* TestOne */,
			);
		};
/* End PBXProject section */

/* Begin PBXResourcesBuildPhase section */
		118E6529299CCBD0005BFB2C /* Resources */ = {
			isa = PBXResourcesBuildPhase;
			buildActionMask = 2147483647;
			files = (
				118E653B299CCBDC005BFB2C /* LaunchScreen.storyboard in Resources */,
				118E6538299CCBDC005BFB2C /* Assets.xcassets in Resources */,
			);
			runOnlyForDeploymentPostprocessing = 0;
		};
/* End PBXResourcesBuildPhase section */

/* Begin PBXSourcesBuildPhase section */
		118E6527299CCBD0005BFB2C /* Sources */ = {
			isa = PBXSourcesBuildPhase;
			buildActionMask = 2147483647;
			files = (
				118E6533299CCBD0005BFB2C /* ViewController.swift in Sources */,
				1172BADB29B6949700CE30D9 /* PostProfile.swift in Sources */,
				1172BAC829B6824900CE30D9 /* PhotosTableViewCell.swift in Sources */,
				118E6546299CD531005BFB2C /* FeedViewController.swift in Sources */,
				111549FC29A76482008C3251 /* LogInViewController.swift in Sources */,
				118E6549299CD548005BFB2C /* ProfileViewController.swift in Sources */,
				118E6555299CF4D4005BFB2C /* InfoViewController.swift in Sources */,
				1172BAD829B690D600CE30D9 /* PostTableViewCell.swift in Sources */,
				118E6552299CF117005BFB2C /* PostFeed.swift in Sources */,
				1172BAD229B6860B00CE30D9 /* Pokemon.swift in Sources */,
				11AEEAD629BB88C600440124 /* Overlay.swift in Sources */,
				118E652F299CCBD0005BFB2C /* AppDelegate.swift in Sources */,
				1172BAE529B72BEE00CE30D9 /* PhotosCollectionViewCell.swift in Sources */,
				1172BAE129B72A7F00CE30D9 /* PhotosViewController.swift in Sources */,
				118E654D299CDF4F005BFB2C /* PostViewController.swift in Sources */,
				118E656929A20BB5005BFB2C /* ProfileHeaderView.swift in Sources */,
			);
			runOnlyForDeploymentPostprocessing = 0;
		};
/* End PBXSourcesBuildPhase section */

/* Begin PBXVariantGroup section */
		118E6539299CCBDC005BFB2C /* LaunchScreen.storyboard */ = {
			isa = PBXVariantGroup;
			children = (
				118E653A299CCBDC005BFB2C /* Base */,
			);
			name = LaunchScreen.storyboard;
			sourceTree = "<group>";
		};
/* End PBXVariantGroup section */

/* Begin XCBuildConfiguration section */
		118E653D299CCBDC005BFB2C /* Debug */ = {
			isa = XCBuildConfiguration;
			buildSettings = {
				ALWAYS_SEARCH_USER_PATHS = NO;
				CLANG_ANALYZER_NONNULL = YES;
				CLANG_ANALYZER_NUMBER_OBJECT_CONVERSION = YES_AGGRESSIVE;
				CLANG_CXX_LANGUAGE_STANDARD = "gnu++14";
				CLANG_CXX_LIBRARY = "libc++";
				CLANG_ENABLE_MODULES = YES;
				CLANG_ENABLE_OBJC_ARC = YES;
				CLANG_ENABLE_OBJC_WEAK = YES;
				CLANG_WARN_BLOCK_CAPTURE_AUTORELEASING = YES;
				CLANG_WARN_BOOL_CONVERSION = YES;
				CLANG_WARN_COMMA = YES;
				CLANG_WARN_CONSTANT_CONVERSION = YES;
				CLANG_WARN_DEPRECATED_OBJC_IMPLEMENTATIONS = YES;
				CLANG_WARN_DIRECT_OBJC_ISA_USAGE = YES_ERROR;
				CLANG_WARN_DOCUMENTATION_COMMENTS = YES;
				CLANG_WARN_EMPTY_BODY = YES;
				CLANG_WARN_ENUM_CONVERSION = YES;
				CLANG_WARN_INFINITE_RECURSION = YES;
				CLANG_WARN_INT_CONVERSION = YES;
				CLANG_WARN_NON_LITERAL_NULL_CONVERSION = YES;
				CLANG_WARN_OBJC_IMPLICIT_RETAIN_SELF = YES;
				CLANG_WARN_OBJC_LITERAL_CONVERSION = YES;
				CLANG_WARN_OBJC_ROOT_CLASS = YES_ERROR;
				CLANG_WARN_QUOTED_INCLUDE_IN_FRAMEWORK_HEADER = YES;
				CLANG_WARN_RANGE_LOOP_ANALYSIS = YES;
				CLANG_WARN_STRICT_PROTOTYPES = YES;
				CLANG_WARN_SUSPICIOUS_MOVE = YES;
				CLANG_WARN_UNGUARDED_AVAILABILITY = YES_AGGRESSIVE;
				CLANG_WARN_UNREACHABLE_CODE = YES;
				CLANG_WARN__DUPLICATE_METHOD_MATCH = YES;
				COPY_PHASE_STRIP = NO;
				DEBUG_INFORMATION_FORMAT = dwarf;
				ENABLE_STRICT_OBJC_MSGSEND = YES;
				ENABLE_TESTABILITY = YES;
				GCC_C_LANGUAGE_STANDARD = gnu11;
				GCC_DYNAMIC_NO_PIC = NO;
				GCC_NO_COMMON_BLOCKS = YES;
				GCC_OPTIMIZATION_LEVEL = 0;
				GCC_PREPROCESSOR_DEFINITIONS = (
					"DEBUG=1",
					"$(inherited)",
				);
				GCC_WARN_64_TO_32_BIT_CONVERSION = YES;
				GCC_WARN_ABOUT_RETURN_TYPE = YES_ERROR;
				GCC_WARN_UNDECLARED_SELECTOR = YES;
				GCC_WARN_UNINITIALIZED_AUTOS = YES_AGGRESSIVE;
				GCC_WARN_UNUSED_FUNCTION = YES;
				GCC_WARN_UNUSED_VARIABLE = YES;
				IPHONEOS_DEPLOYMENT_TARGET = 14.4;
				MTL_ENABLE_DEBUG_INFO = INCLUDE_SOURCE;
				MTL_FAST_MATH = YES;
				ONLY_ACTIVE_ARCH = YES;
				SDKROOT = iphoneos;
				SWIFT_ACTIVE_COMPILATION_CONDITIONS = DEBUG;
				SWIFT_OPTIMIZATION_LEVEL = "-Onone";
			};
			name = Debug;
		};
		118E653E299CCBDC005BFB2C /* Release */ = {
			isa = XCBuildConfiguration;
			buildSettings = {
				ALWAYS_SEARCH_USER_PATHS = NO;
				CLANG_ANALYZER_NONNULL = YES;
				CLANG_ANALYZER_NUMBER_OBJECT_CONVERSION = YES_AGGRESSIVE;
				CLANG_CXX_LANGUAGE_STANDARD = "gnu++14";
				CLANG_CXX_LIBRARY = "libc++";
				CLANG_ENABLE_MODULES = YES;
				CLANG_ENABLE_OBJC_ARC = YES;
				CLANG_ENABLE_OBJC_WEAK = YES;
				CLANG_WARN_BLOCK_CAPTURE_AUTORELEASING = YES;
				CLANG_WARN_BOOL_CONVERSION = YES;
				CLANG_WARN_COMMA = YES;
				CLANG_WARN_CONSTANT_CONVERSION = YES;
				CLANG_WARN_DEPRECATED_OBJC_IMPLEMENTATIONS = YES;
				CLANG_WARN_DIRECT_OBJC_ISA_USAGE = YES_ERROR;
				CLANG_WARN_DOCUMENTATION_COMMENTS = YES;
				CLANG_WARN_EMPTY_BODY = YES;
				CLANG_WARN_ENUM_CONVERSION = YES;
				CLANG_WARN_INFINITE_RECURSION = YES;
				CLANG_WARN_INT_CONVERSION = YES;
				CLANG_WARN_NON_LITERAL_NULL_CONVERSION = YES;
				CLANG_WARN_OBJC_IMPLICIT_RETAIN_SELF = YES;
				CLANG_WARN_OBJC_LITERAL_CONVERSION = YES;
				CLANG_WARN_OBJC_ROOT_CLASS = YES_ERROR;
				CLANG_WARN_QUOTED_INCLUDE_IN_FRAMEWORK_HEADER = YES;
				CLANG_WARN_RANGE_LOOP_ANALYSIS = YES;
				CLANG_WARN_STRICT_PROTOTYPES = YES;
				CLANG_WARN_SUSPICIOUS_MOVE = YES;
				CLANG_WARN_UNGUARDED_AVAILABILITY = YES_AGGRESSIVE;
				CLANG_WARN_UNREACHABLE_CODE = YES;
				CLANG_WARN__DUPLICATE_METHOD_MATCH = YES;
				COPY_PHASE_STRIP = NO;
				DEBUG_INFORMATION_FORMAT = "dwarf-with-dsym";
				ENABLE_NS_ASSERTIONS = NO;
				ENABLE_STRICT_OBJC_MSGSEND = YES;
				GCC_C_LANGUAGE_STANDARD = gnu11;
				GCC_NO_COMMON_BLOCKS = YES;
				GCC_WARN_64_TO_32_BIT_CONVERSION = YES;
				GCC_WARN_ABOUT_RETURN_TYPE = YES_ERROR;
				GCC_WARN_UNDECLARED_SELECTOR = YES;
				GCC_WARN_UNINITIALIZED_AUTOS = YES_AGGRESSIVE;
				GCC_WARN_UNUSED_FUNCTION = YES;
				GCC_WARN_UNUSED_VARIABLE = YES;
				IPHONEOS_DEPLOYMENT_TARGET = 14.4;
				MTL_ENABLE_DEBUG_INFO = NO;
				MTL_FAST_MATH = YES;
				SDKROOT = iphoneos;
				SWIFT_COMPILATION_MODE = wholemodule;
				SWIFT_OPTIMIZATION_LEVEL = "-O";
				VALIDATE_PRODUCT = YES;
			};
			name = Release;
		};
		118E6540299CCBDC005BFB2C /* Debug */ = {
			isa = XCBuildConfiguration;
			buildSettings = {
				ASSETCATALOG_COMPILER_APPICON_NAME = AppIcon;
				ASSETCATALOG_COMPILER_GLOBAL_ACCENT_COLOR_NAME = AccentColor;
				CODE_SIGN_STYLE = Automatic;
				INFOPLIST_FILE = "$(SRCROOT)/Navigation/Info.plist";
				LD_RUNPATH_SEARCH_PATHS = (
					"$(inherited)",
					"@executable_path/Frameworks",
				);
				PRODUCT_BUNDLE_IDENTIFIER = com.Calllulka.TestOne;
				PRODUCT_NAME = "$(TARGET_NAME)";
				SWIFT_VERSION = 5.0;
				TARGETED_DEVICE_FAMILY = 1;
			};
			name = Debug;
		};
		118E6541299CCBDC005BFB2C /* Release */ = {
			isa = XCBuildConfiguration;
			buildSettings = {
				ASSETCATALOG_COMPILER_APPICON_NAME = AppIcon;
				ASSETCATALOG_COMPILER_GLOBAL_ACCENT_COLOR_NAME = AccentColor;
				CODE_SIGN_STYLE = Automatic;
				INFOPLIST_FILE = "$(SRCROOT)/Navigation/Info.plist";
				LD_RUNPATH_SEARCH_PATHS = (
					"$(inherited)",
					"@executable_path/Frameworks",
				);
				PRODUCT_BUNDLE_IDENTIFIER = com.Calllulka.TestOne;
				PRODUCT_NAME = "$(TARGET_NAME)";
				SWIFT_VERSION = 5.0;
				TARGETED_DEVICE_FAMILY = 1;
			};
			name = Release;
		};
/* End XCBuildConfiguration section */

/* Begin XCConfigurationList section */
		118E6526299CCBD0005BFB2C /* Build configuration list for PBXProject "Navigation" */ = {
			isa = XCConfigurationList;
			buildConfigurations = (
				118E653D299CCBDC005BFB2C /* Debug */,
				118E653E299CCBDC005BFB2C /* Release */,
			);
			defaultConfigurationIsVisible = 0;
			defaultConfigurationName = Release;
		};
		118E653F299CCBDC005BFB2C /* Build configuration list for PBXNativeTarget "TestOne" */ = {
			isa = XCConfigurationList;
			buildConfigurations = (
				118E6540299CCBDC005BFB2C /* Debug */,
				118E6541299CCBDC005BFB2C /* Release */,
			);
			defaultConfigurationIsVisible = 0;
			defaultConfigurationName = Release;
		};
/* End XCConfigurationList section */

/* Begin XCRemoteSwiftPackageReference section */
		1172BAAE29B67A7000CE30D9 /* XCRemoteSwiftPackageReference "SnapKit" */ = {
			isa = XCRemoteSwiftPackageReference;
			repositoryURL = "https://github.com/SnapKit/SnapKit.git";
			requirement = {
				kind = upToNextMajorVersion;
				minimumVersion = 5.6.0;
			};
		};
/* End XCRemoteSwiftPackageReference section */

/* Begin XCSwiftPackageProductDependency section */
		1172BAAF29B67A7000CE30D9 /* SnapKit */ = {
			isa = XCSwiftPackageProductDependency;
			package = 1172BAAE29B67A7000CE30D9 /* XCRemoteSwiftPackageReference "SnapKit" */;
			productName = SnapKit;
		};
/* End XCSwiftPackageProductDependency section */
	};
	rootObject = 118E6523299CCBD0005BFB2C /* Project object */;
}
